
Microsoft Visual Studio Solution File, Format Version 12.00
# Visual Studio Version 16
VisualStudioVersion = 16.0.30503.244
MinimumVisualStudioVersion = 10.0.40219.1
Project("{9A19103F-16F7-4668-BE54-9A1E7A4F7556}") = "arma-launcher", "arma-launcher.csproj", "{50F4E309-DF29-4B16-A120-271F1536900A}"
EndProject
Global
	GlobalSection(SolutionConfigurationPlatforms) = preSolution
		Debug|Any CPU = Debug|Any CPU
		Debug|ARM = Debug|ARM
		Debug|ARM64 = Debug|ARM64
		Debug|x64 = Debug|x64
		Debug|x86 = Debug|x86
		Release|Any CPU = Release|Any CPU
		Release|ARM = Release|ARM
		Release|ARM64 = Release|ARM64
		Release|x64 = Release|x64
		Release|x86 = Release|x86
	EndGlobalSection
	GlobalSection(ProjectConfigurationPlatforms) = postSolution
		{50F4E309-DF29-4B16-A120-271F1536900A}.Debug|Any CPU.ActiveCfg = Debug|Any CPU
		{50F4E309-DF29-4B16-A120-271F1536900A}.Debug|Any CPU.Build.0 = Debug|Any CPU
		{50F4E309-DF29-4B16-A120-271F1536900A}.Debug|ARM.ActiveCfg = Debug|Any CPU
		{50F4E309-DF29-4B16-A120-271F1536900A}.Debug|ARM.Build.0 = Debug|Any CPU
		{50F4E309-DF29-4B16-A120-271F1536900A}.Debug|ARM64.ActiveCfg = Debug|Any CPU
		{50F4E309-DF29-4B16-A120-271F1536900A}.Debug|ARM64.Build.0 = Debug|Any CPU
		{50F4E309-DF29-4B16-A120-271F1536900A}.Debug|x64.ActiveCfg = Debug|x64
		{50F4E309-DF29-4B16-A120-271F1536900A}.Debug|x64.Build.0 = Debug|x64
		{50F4E309-DF29-4B16-A120-271F1536900A}.Debug|x86.ActiveCfg = Debug|Any CPU
		{50F4E309-DF29-4B16-A120-271F1536900A}.Debug|x86.Build.0 = Debug|Any CPU
		{50F4E309-DF29-4B16-A120-271F1536900A}.Release|Any CPU.ActiveCfg = Release|Any CPU
		{50F4E309-DF29-4B16-A120-271F1536900A}.Release|Any CPU.Build.0 = Release|Any CPU
		{50F4E309-DF29-4B16-A120-271F1536900A}.Release|ARM.ActiveCfg = Release|Any CPU
		{50F4E309-DF29-4B16-A120-271F1536900A}.Release|ARM.Build.0 = Release|Any CPU
		{50F4E309-DF29-4B16-A120-271F1536900A}.Release|ARM64.ActiveCfg = Release|Any CPU
		{50F4E309-DF29-4B16-A120-271F1536900A}.Release|ARM64.Build.0 = Release|Any CPU
		{50F4E309-DF29-4B16-A120-271F1536900A}.Release|x64.ActiveCfg = Release|x64
		{50F4E309-DF29-4B16-A120-271F1536900A}.Release|x64.Build.0 = Release|x64
		{50F4E309-DF29-4B16-A120-271F1536900A}.Release|x86.ActiveCfg = Release|Any CPU
		{50F4E309-DF29-4B16-A120-271F1536900A}.Release|x86.Build.0 = Release|Any CPU
	EndGlobalSection
	GlobalSection(SolutionProperties) = preSolution
		HideSolutionNode = FALSE
	EndGlobalSection
	GlobalSection(ExtensibilityGlobals) = postSolution
		SolutionGuid = {EC86AFFA-3DAF-4D21-9886-62DDF93BB959}
	EndGlobalSection
EndGlobal
