
Microsoft Visual Studio Solution File, Format Version 12.00
# Visual Studio Version 16
VisualStudioVersion = 16.0.29001.49
MinimumVisualStudioVersion = 10.0.40219.1
Project("{FAE04EC0-301F-11D3-BF4B-00C04F79EFBC}") = "arma-launcher", "arma-launcher\arma-launcher.csproj", "{EEA37ACF-60F8-4EEA-910B-38F01F50C287}"
EndProject
Global
	GlobalSection(SolutionConfigurationPlatforms) = preSolution
		Debug|Any CPU = Debug|Any CPU
		Release|Any CPU = Release|Any CPU
	EndGlobalSection
	GlobalSection(ProjectConfigurationPlatforms) = postSolution
		{EEA37ACF-60F8-4EEA-910B-38F01F50C287}.Debug|Any CPU.ActiveCfg = Debug|Any CPU
		{EEA37ACF-60F8-4EEA-910B-38F01F50C287}.Debug|Any CPU.Build.0 = Debug|Any CPU
		{EEA37ACF-60F8-4EEA-910B-38F01F50C287}.Release|Any CPU.ActiveCfg = Release|Any CPU
		{EEA37ACF-60F8-4EEA-910B-38F01F50C287}.Release|Any CPU.Build.0 = Release|Any CPU
	EndGlobalSection
	GlobalSection(SolutionProperties) = preSolution
		HideSolutionNode = FALSE
	EndGlobalSection
	GlobalSection(ExtensibilityGlobals) = postSolution
		SolutionGuid = {46C5C542-6E76-4120-BFCB-479F915856E4}
	EndGlobalSection
EndGlobal
